
Microsoft Visual Studio Solution File, Format Version 12.00
# Visual Studio Version 17
VisualStudioVersion = 17.6.33712.159
MinimumVisualStudioVersion = 10.0.40219.1
Project("{FAE04EC0-301F-11D3-BF4B-00C04F79EFBC}") = "Mono", "Mono\Mono.csproj", "{DE3DC4F6-4159-476E-9380-F81C39D98F42}"
EndProject
Global
	GlobalSection(SolutionConfigurationPlatforms) = preSolution
		Debug|Any CPU = Debug|Any CPU
		Release|Any CPU = Release|Any CPU
	EndGlobalSection
	GlobalSection(ProjectConfigurationPlatforms) = postSolution
		{DE3DC4F6-4159-476E-9380-F81C39D98F42}.Debug|Any CPU.ActiveCfg = Debug|Any CPU
		{DE3DC4F6-4159-476E-9380-F81C39D98F42}.Debug|Any CPU.Build.0 = Debug|Any CPU
		{DE3DC4F6-4159-476E-9380-F81C39D98F42}.Release|Any CPU.ActiveCfg = Release|Any CPU
		{DE3DC4F6-4159-476E-9380-F81C39D98F42}.Release|Any CPU.Build.0 = Release|Any CPU
	EndGlobalSection
	GlobalSection(SolutionProperties) = preSolution
		HideSolutionNode = FALSE
	EndGlobalSection
	GlobalSection(ExtensibilityGlobals) = postSolution
		SolutionGuid = {8A35F1C3-3A21-423D-9B45-D88943133910}
	EndGlobalSection
EndGlobal
